
Microsoft Visual Studio Solution File, Format Version 12.00
# Visual Studio Version 17
VisualStudioVersion = 17.0.31903.59
MinimumVisualStudioVersion = 10.0.40219.1
Project("{2150E333-8FDC-42A3-9474-1A3956D46DE8}") = "src", "src", "{827E0CD3-B72D-47B6-A68D-7590B98EB39B}"
EndProject
Project("{FAE04EC0-301F-11D3-BF4B-00C04F79EFBC}") = "Sho.Core", "src\Sho.Core\Sho.Core.csproj", "{1CB9EECD-A236-4CCF-8D46-CED79546C96B}"
EndProject
Project("{FAE04EC0-301F-11D3-BF4B-00C04F79EFBC}") = "Sho.Extractors", "src\Sho.Extractors\Sho.Extractors.csproj", "{0C9B2532-9002-4EE1-BD7B-964BE6EEADFC}"
EndProject
Project("{FAE04EC0-301F-11D3-BF4B-00C04F79EFBC}") = "Sho.Search", "src\Sho.Search\Sho.Search.csproj", "{0F0192B0-3886-46EF-B90A-331A1E7B0C33}"
EndProject
Project("{FAE04EC0-301F-11D3-BF4B-00C04F79EFBC}") = "Sho.App", "src\Sho.App\Sho.App.csproj", "{A88D655B-49A5-4DF6-9C31-304906B11C12}"
EndProject
Project("{FAE04EC0-301F-11D3-BF4B-00C04F79EFBC}") = "Sho.Tests", "tests\Sho.Tests\Sho.Tests.csproj", "{617CE7BD-FF1F-43DC-B00F-B3EEBC1D2E12}"
EndProject
Global
	GlobalSection(SolutionConfigurationPlatforms) = preSolution
		Debug|Any CPU = Debug|Any CPU
		Debug|x64 = Debug|x64
		Debug|x86 = Debug|x86
		Release|Any CPU = Release|Any CPU
		Release|x64 = Release|x64
		Release|x86 = Release|x86
	EndGlobalSection
	GlobalSection(ProjectConfigurationPlatforms) = postSolution
		{1CB9EECD-A236-4CCF-8D46-CED79546C96B}.Debug|Any CPU.ActiveCfg = Debug|Any CPU
		{1CB9EECD-A236-4CCF-8D46-CED79546C96B}.Debug|Any CPU.Build.0 = Debug|Any CPU
		{1CB9EECD-A236-4CCF-8D46-CED79546C96B}.Debug|x64.ActiveCfg = Debug|Any CPU
		{1CB9EECD-A236-4CCF-8D46-CED79546C96B}.Debug|x64.Build.0 = Debug|Any CPU
		{1CB9EECD-A236-4CCF-8D46-CED79546C96B}.Debug|x86.ActiveCfg = Debug|Any CPU
		{1CB9EECD-A236-4CCF-8D46-CED79546C96B}.Debug|x86.Build.0 = Debug|Any CPU
		{1CB9EECD-A236-4CCF-8D46-CED79546C96B}.Release|Any CPU.ActiveCfg = Release|Any CPU
		{1CB9EECD-A236-4CCF-8D46-CED79546C96B}.Release|Any CPU.Build.0 = Release|Any CPU
		{1CB9EECD-A236-4CCF-8D46-CED79546C96B}.Release|x64.ActiveCfg = Release|Any CPU
		{1CB9EECD-A236-4CCF-8D46-CED79546C96B}.Release|x64.Build.0 = Release|Any CPU
		{1CB9EECD-A236-4CCF-8D46-CED79546C96B}.Release|x86.ActiveCfg = Release|Any CPU
		{1CB9EECD-A236-4CCF-8D46-CED79546C96B}.Release|x86.Build.0 = Release|Any CPU
		{0C9B2532-9002-4EE1-BD7B-964BE6EEADFC}.Debug|Any CPU.ActiveCfg = Debug|Any CPU
		{0C9B2532-9002-4EE1-BD7B-964BE6EEADFC}.Debug|Any CPU.Build.0 = Debug|Any CPU
		{0C9B2532-9002-4EE1-BD7B-964BE6EEADFC}.Debug|x64.ActiveCfg = Debug|Any CPU
		{0C9B2532-9002-4EE1-BD7B-964BE6EEADFC}.Debug|x64.Build.0 = Debug|Any CPU
		{0C9B2532-9002-4EE1-BD7B-964BE6EEADFC}.Debug|x86.ActiveCfg = Debug|Any CPU
		{0C9B2532-9002-4EE1-BD7B-964BE6EEADFC}.Debug|x86.Build.0 = Debug|Any CPU
		{0C9B2532-9002-4EE1-BD7B-964BE6EEADFC}.Release|Any CPU.ActiveCfg = Release|Any CPU
		{0C9B2532-9002-4EE1-BD7B-964BE6EEADFC}.Release|Any CPU.Build.0 = Release|Any CPU
		{0C9B2532-9002-4EE1-BD7B-964BE6EEADFC}.Release|x64.ActiveCfg = Release|Any CPU
		{0C9B2532-9002-4EE1-BD7B-964BE6EEADFC}.Release|x64.Build.0 = Release|Any CPU
		{0C9B2532-9002-4EE1-BD7B-964BE6EEADFC}.Release|x86.ActiveCfg = Release|Any CPU
		{0C9B2532-9002-4EE1-BD7B-964BE6EEADFC}.Release|x86.Build.0 = Release|Any CPU
		{0F0192B0-3886-46EF-B90A-331A1E7B0C33}.Debug|Any CPU.ActiveCfg = Debug|Any CPU
		{0F0192B0-3886-46EF-B90A-331A1E7B0C33}.Debug|Any CPU.Build.0 = Debug|Any CPU
		{0F0192B0-3886-46EF-B90A-331A1E7B0C33}.Debug|x64.ActiveCfg = Debug|Any CPU
		{0F0192B0-3886-46EF-B90A-331A1E7B0C33}.Debug|x64.Build.0 = Debug|Any CPU
		{0F0192B0-3886-46EF-B90A-331A1E7B0C33}.Debug|x86.ActiveCfg = Debug|Any CPU
		{0F0192B0-3886-46EF-B90A-331A1E7B0C33}.Debug|x86.Build.0 = Debug|Any CPU
		{0F0192B0-3886-46EF-B90A-331A1E7B0C33}.Release|Any CPU.ActiveCfg = Release|Any CPU
		{0F0192B0-3886-46EF-B90A-331A1E7B0C33}.Release|Any CPU.Build.0 = Release|Any CPU
		{0F0192B0-3886-46EF-B90A-331A1E7B0C33}.Release|x64.ActiveCfg = Release|Any CPU
		{0F0192B0-3886-46EF-B90A-331A1E7B0C33}.Release|x64.Build.0 = Release|Any CPU
		{0F0192B0-3886-46EF-B90A-331A1E7B0C33}.Release|x86.ActiveCfg = Release|Any CPU
		{0F0192B0-3886-46EF-B90A-331A1E7B0C33}.Release|x86.Build.0 = Release|Any CPU
		{A88D655B-49A5-4DF6-9C31-304906B11C12}.Debug|Any CPU.ActiveCfg = Debug|Any CPU
		{A88D655B-49A5-4DF6-9C31-304906B11C12}.Debug|Any CPU.Build.0 = Debug|Any CPU
		{A88D655B-49A5-4DF6-9C31-304906B11C12}.Debug|x64.ActiveCfg = Debug|Any CPU
		{A88D655B-49A5-4DF6-9C31-304906B11C12}.Debug|x64.Build.0 = Debug|Any CPU
		{A88D655B-49A5-4DF6-9C31-304906B11C12}.Debug|x86.ActiveCfg = Debug|Any CPU
		{A88D655B-49A5-4DF6-9C31-304906B11C12}.Debug|x86.Build.0 = Debug|Any CPU
		{A88D655B-49A5-4DF6-9C31-304906B11C12}.Release|Any CPU.ActiveCfg = Release|Any CPU
		{A88D655B-49A5-4DF6-9C31-304906B11C12}.Release|Any CPU.Build.0 = Release|Any CPU
		{A88D655B-49A5-4DF6-9C31-304906B11C12}.Release|x64.ActiveCfg = Release|Any CPU
		{A88D655B-49A5-4DF6-9C31-304906B11C12}.Release|x64.Build.0 = Release|Any CPU
		{A88D655B-49A5-4DF6-9C31-304906B11C12}.Release|x86.ActiveCfg = Release|Any CPU
		{A88D655B-49A5-4DF6-9C31-304906B11C12}.Release|x86.Build.0 = Release|Any CPU
		{617CE7BD-FF1F-43DC-B00F-B3EEBC1D2E12}.Debug|Any CPU.ActiveCfg = Debug|Any CPU
		{617CE7BD-FF1F-43DC-B00F-B3EEBC1D2E12}.Debug|Any CPU.Build.0 = Debug|Any CPU
		{617CE7BD-FF1F-43DC-B00F-B3EEBC1D2E12}.Debug|x64.ActiveCfg = Debug|Any CPU
		{617CE7BD-FF1F-43DC-B00F-B3EEBC1D2E12}.Debug|x64.Build.0 = Debug|Any CPU
		{617CE7BD-FF1F-43DC-B00F-B3EEBC1D2E12}.Debug|x86.ActiveCfg = Debug|Any CPU
		{617CE7BD-FF1F-43DC-B00F-B3EEBC1D2E12}.Debug|x86.Build.0 = Debug|Any CPU
		{617CE7BD-FF1F-43DC-B00F-B3EEBC1D2E12}.Release|Any CPU.ActiveCfg = Release|Any CPU
		{617CE7BD-FF1F-43DC-B00F-B3EEBC1D2E12}.Release|Any CPU.Build.0 = Release|Any CPU
		{617CE7BD-FF1F-43DC-B00F-B3EEBC1D2E12}.Release|x64.ActiveCfg = Release|Any CPU
		{617CE7BD-FF1F-43DC-B00F-B3EEBC1D2E12}.Release|x64.Build.0 = Release|Any CPU
		{617CE7BD-FF1F-43DC-B00F-B3EEBC1D2E12}.Release|x86.ActiveCfg = Release|Any CPU
		{617CE7BD-FF1F-43DC-B00F-B3EEBC1D2E12}.Release|x86.Build.0 = Release|Any CPU
	EndGlobalSection
	GlobalSection(SolutionProperties) = preSolution
		HideSolutionNode = FALSE
	EndGlobalSection
	GlobalSection(NestedProjects) = preSolution
		{1CB9EECD-A236-4CCF-8D46-CED79546C96B} = {827E0CD3-B72D-47B6-A68D-7590B98EB39B}
		{0C9B2532-9002-4EE1-BD7B-964BE6EEADFC} = {827E0CD3-B72D-47B6-A68D-7590B98EB39B}
		{0F0192B0-3886-46EF-B90A-331A1E7B0C33} = {827E0CD3-B72D-47B6-A68D-7590B98EB39B}
		{A88D655B-49A5-4DF6-9C31-304906B11C12} = {827E0CD3-B72D-47B6-A68D-7590B98EB39B}
		{617CE7BD-FF1F-43DC-B00F-B3EEBC1D2E12} = {827E0CD3-B72D-47B6-A68D-7590B98EB39B}
	EndGlobalSection
EndGlobal
